Microsoft Visual Studio Solution File, Format Version 11.00
# Visual Studio 2008

Project("{994559EE-239C-0A9F-F572-E26DCEFD95D4}") = "CowApp", "Assembly-CSharp.csproj", "{D15BE269-CB0C-706E-4ED3-EE7EB2436EC2}"
EndProject
Global
	GlobalSection(SolutionConfigurationPlatforms) = preSolution
		Debug|Any CPU = Debug|Any CPU
		Release|Any CPU = Release|Any CPU
	EndGlobalSection
	GlobalSection(ProjectConfigurationPlatforms) = postSolution
		{D15BE269-CB0C-706E-4ED3-EE7EB2436EC2}.Debug|Any CPU.ActiveCfg = Debug|Any CPU
		{D15BE269-CB0C-706E-4ED3-EE7EB2436EC2}.Debug|Any CPU.Build.0 = Debug|Any CPU
		{D15BE269-CB0C-706E-4ED3-EE7EB2436EC2}.Release|Any CPU.ActiveCfg = Release|Any CPU
		{D15BE269-CB0C-706E-4ED3-EE7EB2436EC2}.Release|Any CPU.Build.0 = Release|Any CPU
	EndGlobalSection
	GlobalSection(SolutionProperties) = preSolution
		HideSolutionNode = FALSE
	EndGlobalSection
	GlobalSection(MonoDevelopProperties) = preSolution
		StartupItem = Assembly-CSharp.csproj
	EndGlobalSection
EndGlobal
